
Microsoft Visual Studio Solution File, Format Version 12.00
# Visual Studio Version 16
VisualStudioVersion = 16.0.30717.126
MinimumVisualStudioVersion = 10.0.40219.1
Project("{8BC9CEB8-8B4A-11D0-8D11-00A0C91BC942}") = "DLuaEngine", "DLuaEngine\DLuaEngine.vcxproj", "{2ABB50E5-69F4-47A3-A795-658447BD8839}"
EndProject
Global
	GlobalSection(SolutionConfigurationPlatforms) = preSolution
		Debug|x64 = Debug|x64
		Debug|x86 = Debug|x86
		Release|x64 = Release|x64
		Release|x86 = Release|x86
	EndGlobalSection
	GlobalSection(ProjectConfigurationPlatforms) = postSolution
		{2ABB50E5-69F4-47A3-A795-658447BD8839}.Debug|x64.ActiveCfg = Debug|x64
		{2ABB50E5-69F4-47A3-A795-658447BD8839}.Debug|x64.Build.0 = Debug|x64
		{2ABB50E5-69F4-47A3-A795-658447BD8839}.Debug|x86.ActiveCfg = Debug|Win32
		{2ABB50E5-69F4-47A3-A795-658447BD8839}.Debug|x86.Build.0 = Debug|Win32
		{2ABB50E5-69F4-47A3-A795-658447BD8839}.Release|x64.ActiveCfg = Release|x64
		{2ABB50E5-69F4-47A3-A795-658447BD8839}.Release|x64.Build.0 = Release|x64
		{2ABB50E5-69F4-47A3-A795-658447BD8839}.Release|x86.ActiveCfg = Release|Win32
		{2ABB50E5-69F4-47A3-A795-658447BD8839}.Release|x86.Build.0 = Release|Win32
	EndGlobalSection
	GlobalSection(SolutionProperties) = preSolution
		HideSolutionNode = FALSE
	EndGlobalSection
	GlobalSection(ExtensibilityGlobals) = postSolution
		SolutionGuid = {7F404A80-F3E9-4A0F-98B8-A1DE4265347C}
	EndGlobalSection
EndGlobal
